{
  "version": 4,
  "terraform_version": "1.8.0",
  "serial": 3,
  "lineage": "73a4f359-7d3f-95c8-2fec-dcbd1fa27e91",
  "outputs": {
    "random_color_hex": {
      "value": "1fe874",
      "type": "string"
    }
  },
  "resources": [
    {
      "mode": "managed",
      "type": "local_file",
      "name": "color_scheme",
      "provider": "provider[\"registry.terraform.io/hashicorp/local\"]",
      "instances": [
        {
          "schema_version": 0,
          "attributes": {
            "content": "Red:   1fe874\r\nGreen: 1fe874\r\nBlue:  1fe874\r\n",
            "content_base64": null,
            "content_base64sha256": "2FvHLWOB/zNOJQ34cRh+21qEgYQejL2G5jDy/jRl33M=",
            "content_base64sha512": "fDvm4QKzmoeRbccx25Y3y1gmu8kswJNPKXPUXVa3nmV52ZGmLj3hbNhf4u8zivpljhyLuGEnA6nha8r8AHCXLA==",
            "content_md5": "3bf7842e702e16c2e60c3a64b340b282",
            "content_sha1": "63ce286972de0557c7ffac7a9d2c8ea22de3eeda",
            "content_sha256": "d85bc72d6381ff334e250df871187edb5a8481841e8cbd86e630f2fe3465df73",
            "content_sha512": "7c3be6e102b39a87916dc731db9637cb5826bbc92cc0934f2973d45d56b79e6579d991a62e3de16cd85fe2ef338afa658e1c8bb8612703a9e16bcafc0070972c",
            "directory_permission": "0777",
            "file_permission": "0777",
            "filename": "./data/color_scheme.txt",
            "id": "63ce286972de0557c7ffac7a9d2c8ea22de3eeda",
            "sensitive_content": null,
            "source": null
          },
          "sensitive_attributes": [
            [
              {
                "type": "get_attr",
                "value": "sensitive_content"
              }
            ]
          ],
          "dependencies": [
            "random_id.color"
          ]
        }
      ]
    },
    {
      "mode": "managed",
      "type": "random_id",
      "name": "color",
      "provider": "provider[\"registry.terraform.io/hashicorp/random\"]",
      "instances": [
        {
          "schema_version": 0,
          "attributes": {
            "b64_std": "H+h0",
            "b64_url": "H-h0",
            "byte_length": 3,
            "dec": "2091124",
            "hex": "1fe874",
            "id": "H-h0",
            "keepers": null,
            "prefix": null
          },
          "sensitive_attributes": []
        }
      ]
    }
  ],
  "check_results": null
}
