{
  "version": 4,
  "terraform_version": "1.8.0",
  "serial": 4,
  "lineage": "863aa836-3458-96ce-5be3-f5dd49c3635a",
  "outputs": {},
  "resources": [
    {
      "mode": "data",
      "type": "http",
      "name": "api_call",
      "provider": "provider[\"registry.terraform.io/hashicorp/http\"]",
      "instances": [
        {
          "schema_version": 0,
          "attributes": {
            "body": "{\"categories\":[],\"created_at\":\"2020-01-05 13:42:23.880601\",\"icon_url\":\"https://assets.chucknorris.host/img/avatar/chuck-norris.png\",\"id\":\"S0-SkDGRRxG4AJhQNShEnQ\",\"updated_at\":\"2020-01-05 13:42:23.880601\",\"url\":\"https://api.chucknorris.io/jokes/S0-SkDGRRxG4AJhQNShEnQ\",\"value\":\"Chuck Norris's car drives over 9000 miles and never crashes.\"}",
            "ca_cert_pem": null,
            "id": "https://api.chucknorris.io/jokes/random",
            "insecure": null,
            "method": null,
            "request_body": null,
            "request_headers": null,
            "request_timeout_ms": null,
            "response_body": "{\"categories\":[],\"created_at\":\"2020-01-05 13:42:23.880601\",\"icon_url\":\"https://assets.chucknorris.host/img/avatar/chuck-norris.png\",\"id\":\"S0-SkDGRRxG4AJhQNShEnQ\",\"updated_at\":\"2020-01-05 13:42:23.880601\",\"url\":\"https://api.chucknorris.io/jokes/S0-SkDGRRxG4AJhQNShEnQ\",\"value\":\"Chuck Norris's car drives over 9000 miles and never crashes.\"}",
            "response_body_base64": "eyJjYXRlZ29yaWVzIjpbXSwiY3JlYXRlZF9hdCI6IjIwMjAtMDEtMDUgMTM6NDI6MjMuODgwNjAxIiwiaWNvbl91cmwiOiJodHRwczovL2Fzc2V0cy5jaHVja25vcnJpcy5ob3N0L2ltZy9hdmF0YXIvY2h1Y2stbm9ycmlzLnBuZyIsImlkIjoiUzAtU2tER1JSeEc0QUpoUU5TaEVuUSIsInVwZGF0ZWRfYXQiOiIyMDIwLTAxLTA1IDEzOjQyOjIzLjg4MDYwMSIsInVybCI6Imh0dHBzOi8vYXBpLmNodWNrbm9ycmlzLmlvL2pva2VzL1MwLVNrREdSUnhHNEFKaFFOU2hFblEiLCJ2YWx1ZSI6IkNodWNrIE5vcnJpcydzIGNhciBkcml2ZXMgb3ZlciA5MDAwIG1pbGVzIGFuZCBuZXZlciBjcmFzaGVzLiJ9",
            "response_headers": {
              "Alt-Svc": "h3=\":443\"; ma=86400",
              "Cf-Cache-Status": "DYNAMIC",
              "Cf-Ray": "874e23182e5d6a83-DUS",
              "Content-Type": "application/json;charset=UTF-8",
              "Date": "Mon, 15 Apr 2024 18:53:12 GMT",
              "Nel": "{\"report_to\":\"heroku-nel\",\"max_age\":3600,\"success_fraction\":0.005,\"failure_fraction\":0.05,\"response_headers\":[\"Via\"]}",
              "Report-To": "{\"group\":\"heroku-nel\",\"max_age\":3600,\"endpoints\":[{\"url\":\"https://nel.heroku.com/reports?ts=1713207192\u0026sid=812dcc77-0bd0-43b1-a5f1-b25750382959\u0026s=8eYRcgg3%2FjJzvaAz3z2OISmUoUOLe2yEBzJgcPMGEuk%3D\"}]}",
              "Reporting-Endpoints": "heroku-nel=https://nel.heroku.com/reports?ts=1713207192\u0026sid=812dcc77-0bd0-43b1-a5f1-b25750382959\u0026s=8eYRcgg3%2FjJzvaAz3z2OISmUoUOLe2yEBzJgcPMGEuk%3D",
              "Server": "cloudflare",
              "Via": "1.1 vegur"
            },
            "retry": null,
            "status_code": 200,
            "url": "https://api.chucknorris.io/jokes/random"
          },
          "sensitive_attributes": []
        }
      ]
    },
    {
      "mode": "managed",
      "type": "local_file",
      "name": "api_response",
      "provider": "provider[\"registry.terraform.io/hashicorp/local\"]",
      "instances": [
        {
          "schema_version": 0,
          "attributes": {
            "content": "{\"categories\":[],\"created_at\":\"2020-01-05 13:42:23.880601\",\"icon_url\":\"https://assets.chucknorris.host/img/avatar/chuck-norris.png\",\"id\":\"S0-SkDGRRxG4AJhQNShEnQ\",\"updated_at\":\"2020-01-05 13:42:23.880601\",\"url\":\"https://api.chucknorris.io/jokes/S0-SkDGRRxG4AJhQNShEnQ\",\"value\":\"Chuck Norris's car drives over 9000 miles and never crashes.\"}",
            "content_base64": null,
            "content_base64sha256": "YZVqWfq7C93jikzTD1ZlCUpa3EMPVIDzh+pSH58uUsg=",
            "content_base64sha512": "xTrg0EWu+ZKzD7uDg17nrj/dEDxQ5N0uutoHgBLWRZlfqfjPb9sqFvwv1r4++Omhimc7eGgqEdyMEHLXEnd9zQ==",
            "content_md5": "b7e71d6bddc42b5496dea16100b0b8ff",
            "content_sha1": "242b3059382d8c2b099e844cfaf4860c16f1122d",
            "content_sha256": "61956a59fabb0bdde38a4cd30f5665094a5adc430f5480f387ea521f9f2e52c8",
            "content_sha512": "c53ae0d045aef992b30fbb83835ee7ae3fdd103c50e4dd2ebada078012d645995fa9f8cf6fdb2a16fc2fd6be3ef8e9a18a673b78682a11dc8c1072d712777dcd",
            "directory_permission": "0777",
            "file_permission": "0777",
            "filename": "./data/response.json",
            "id": "242b3059382d8c2b099e844cfaf4860c16f1122d",
            "sensitive_content": null,
            "source": null
          },
          "sensitive_attributes": [
            [
              {
                "type": "get_attr",
                "value": "sensitive_content"
              }
            ]
          ],
          "dependencies": [
            "data.http.api_call"
          ]
        }
      ]
    }
  ],
  "check_results": null
}
