{
  "version": 4,
  "terraform_version": "1.8.0",
  "serial": 1,
  "lineage": "863aa836-3458-96ce-5be3-f5dd49c3635a",
  "outputs": {},
  "resources": [
    {
      "mode": "data",
      "type": "http",
      "name": "api_call",
      "provider": "provider[\"registry.terraform.io/hashicorp/http\"]",
      "instances": [
        {
          "schema_version": 0,
          "attributes": {
            "body": "{\"categories\":[],\"created_at\":\"2020-01-05 13:42:28.664997\",\"icon_url\":\"https://assets.chucknorris.host/img/avatar/chuck-norris.png\",\"id\":\"cl3w4BKSTDqVE5KUP1zmLQ\",\"updated_at\":\"2020-01-05 13:42:28.664997\",\"url\":\"https://api.chucknorris.io/jokes/cl3w4BKSTDqVE5KUP1zmLQ\",\"value\":\"Some people thought the Loch Ness Monster was a plesiosaur, others an eel. Chuck Norris thought it tasted like chicken.\"}",
            "ca_cert_pem": null,
            "id": "https://api.chucknorris.io/jokes/random",
            "insecure": null,
            "method": null,
            "request_body": null,
            "request_headers": null,
            "request_timeout_ms": null,
            "response_body": "{\"categories\":[],\"created_at\":\"2020-01-05 13:42:28.664997\",\"icon_url\":\"https://assets.chucknorris.host/img/avatar/chuck-norris.png\",\"id\":\"cl3w4BKSTDqVE5KUP1zmLQ\",\"updated_at\":\"2020-01-05 13:42:28.664997\",\"url\":\"https://api.chucknorris.io/jokes/cl3w4BKSTDqVE5KUP1zmLQ\",\"value\":\"Some people thought the Loch Ness Monster was a plesiosaur, others an eel. Chuck Norris thought it tasted like chicken.\"}",
            "response_body_base64": "eyJjYXRlZ29yaWVzIjpbXSwiY3JlYXRlZF9hdCI6IjIwMjAtMDEtMDUgMTM6NDI6MjguNjY0OTk3IiwiaWNvbl91cmwiOiJodHRwczovL2Fzc2V0cy5jaHVja25vcnJpcy5ob3N0L2ltZy9hdmF0YXIvY2h1Y2stbm9ycmlzLnBuZyIsImlkIjoiY2wzdzRCS1NURHFWRTVLVVAxem1MUSIsInVwZGF0ZWRfYXQiOiIyMDIwLTAxLTA1IDEzOjQyOjI4LjY2NDk5NyIsInVybCI6Imh0dHBzOi8vYXBpLmNodWNrbm9ycmlzLmlvL2pva2VzL2NsM3c0QktTVERxVkU1S1VQMXptTFEiLCJ2YWx1ZSI6IlNvbWUgcGVvcGxlIHRob3VnaHQgdGhlIExvY2ggTmVzcyBNb25zdGVyIHdhcyBhIHBsZXNpb3NhdXIsIG90aGVycyBhbiBlZWwuIENodWNrIE5vcnJpcyB0aG91Z2h0IGl0IHRhc3RlZCBsaWtlIGNoaWNrZW4uIn0=",
            "response_headers": {
              "Alt-Svc": "h3=\":443\"; ma=86400",
              "Cf-Cache-Status": "DYNAMIC",
              "Cf-Ray": "874d78305f501629-DUS",
              "Content-Type": "application/json;charset=UTF-8",
              "Date": "Mon, 15 Apr 2024 16:56:32 GMT",
              "Nel": "{\"report_to\":\"heroku-nel\",\"max_age\":3600,\"success_fraction\":0.005,\"failure_fraction\":0.05,\"response_headers\":[\"Via\"]}",
              "Report-To": "{\"group\":\"heroku-nel\",\"max_age\":3600,\"endpoints\":[{\"url\":\"https://nel.heroku.com/reports?ts=1713200192\u0026sid=812dcc77-0bd0-43b1-a5f1-b25750382959\u0026s=Fw%2BEwHlxxxakF6OLZewIB4B%2FLgiSwOEi74IAyXzxvyg%3D\"}]}",
              "Reporting-Endpoints": "heroku-nel=https://nel.heroku.com/reports?ts=1713200192\u0026sid=812dcc77-0bd0-43b1-a5f1-b25750382959\u0026s=Fw%2BEwHlxxxakF6OLZewIB4B%2FLgiSwOEi74IAyXzxvyg%3D",
              "Server": "cloudflare",
              "Via": "1.1 vegur"
            },
            "retry": null,
            "status_code": 200,
            "url": "https://api.chucknorris.io/jokes/random"
          },
          "sensitive_attributes": []
        }
      ]
    },
    {
      "mode": "managed",
      "type": "local_file",
      "name": "api_response",
      "provider": "provider[\"registry.terraform.io/hashicorp/local\"]",
      "instances": [
        {
          "schema_version": 0,
          "attributes": {
            "content": "{\"categories\":[],\"created_at\":\"2020-01-05 13:42:28.664997\",\"icon_url\":\"https://assets.chucknorris.host/img/avatar/chuck-norris.png\",\"id\":\"cl3w4BKSTDqVE5KUP1zmLQ\",\"updated_at\":\"2020-01-05 13:42:28.664997\",\"url\":\"https://api.chucknorris.io/jokes/cl3w4BKSTDqVE5KUP1zmLQ\",\"value\":\"Some people thought the Loch Ness Monster was a plesiosaur, others an eel. Chuck Norris thought it tasted like chicken.\"}",
            "content_base64": null,
            "content_base64sha256": "R1u/83r8N5Va3yGVFa00aTe6/DJlewqpDg86Huvx//g=",
            "content_base64sha512": "w7HKfScVj25JfLXpv5mhd6NzOjkULJofLtmUCDjwmwMw3UihcR11u/gmrV1g8v1xQCReLhR6hK920oWKPuQ9SQ==",
            "content_md5": "5692973a4c4b31ac517fae03bd741c30",
            "content_sha1": "0bb42005dcb020c9157bdfcdc9581152b152a5a8",
            "content_sha256": "475bbff37afc37955adf219515ad346937bafc32657b0aa90e0f3a1eebf1fff8",
            "content_sha512": "c3b1ca7d27158f6e497cb5e9bf99a177a3733a39142c9a1f2ed9940838f09b0330dd48a1711d75bbf826ad5d60f2fd7140245e2e147a84af76d2858a3ee43d49",
            "directory_permission": "0777",
            "file_permission": "0777",
            "filename": "./data/response.json",
            "id": "0bb42005dcb020c9157bdfcdc9581152b152a5a8",
            "sensitive_content": null,
            "source": null
          },
          "sensitive_attributes": [
            [
              {
                "type": "get_attr",
                "value": "sensitive_content"
              }
            ]
          ],
          "dependencies": [
            "data.http.api_call"
          ]
        }
      ]
    }
  ],
  "check_results": null
}
